// !$*UTF8*$!
{
	archiveVersion = 1;
	classes = {
	};
	objectVersion = 46;
	objects = {

/* Begin PBXBuildFile section */
		AA6177901EC2CC79001F5C29 /* AppDelegate.swift in Sources */ = {isa = PBXBuildFile; fileRef = AA61778F1EC2CC79001F5C29 /* AppDelegate.swift */; };
		AA6177921EC2CC79001F5C29 /* ViewController.swift in Sources */ = {isa = PBXBuildFile; fileRef = AA6177911EC2CC79001F5C29 /* ViewController.swift */; };
		AA6177951EC2CC79001F5C29 /* Main.storyboard in Resources */ = {isa = PBXBuildFile; fileRef = AA6177931EC2CC79001F5C29 /* Main.storyboard */; };
		AA6177971EC2CC79001F5C29 /* Assets.xcassets in Resources */ = {isa = PBXBuildFile; fileRef = AA6177961EC2CC79001F5C29 /* Assets.xcassets */; };
		AA61779A1EC2CC79001F5C29 /* LaunchScreen.storyboard in Resources */ = {isa = PBXBuildFile; fileRef = AA6177981EC2CC79001F5C29 /* LaunchScreen.storyboard */; };
		AA6177A61EC33A69001F5C29 /* FirstCustomTableViewController.swift in Sources */ = {isa = PBXBuildFile; fileRef = AA6177A51EC33A69001F5C29 /* FirstCustomTableViewController.swift */; };
		AA6177A81EC35214001F5C29 /* FirstTableViewCell.swift in Sources */ = {isa = PBXBuildFile; fileRef = AA6177A71EC35214001F5C29 /* FirstTableViewCell.swift */; };
		AA6177AC1EC47650001F5C29 /* RestaurantDetailViewController.swift in Sources */ = {isa = PBXBuildFile; fileRef = AA6177AB1EC47650001F5C29 /* RestaurantDetailViewController.swift */; };
		AA6177AE1EC59ECB001F5C29 /* SecondCustomTableTableViewController.swift in Sources */ = {isa = PBXBuildFile; fileRef = AA6177AD1EC59ECB001F5C29 /* SecondCustomTableTableViewController.swift */; };
		AA6177B01EC59EEA001F5C29 /* SecondTableViewCell.swift in Sources */ = {isa = PBXBuildFile; fileRef = AA6177AF1EC59EEA001F5C29 /* SecondTableViewCell.swift */; };
/* End PBXBuildFile section */

/* Begin PBXFileReference section */
		AA61778C1EC2CC79001F5C29 /* SimpleTablePractice.app */ = {isa = PBXFileReference; explicitFileType = wrapper.application; includeInIndex = 0; path = SimpleTablePractice.app; sourceTree = BUILT_PRODUCTS_DIR; };
		AA61778F1EC2CC79001F5C29 /* AppDelegate.swift */ = {isa = PBXFileReference; lastKnownFileType = sourcecode.swift; path = AppDelegate.swift; sourceTree = "<group>"; };
		AA6177911EC2CC79001F5C29 /* ViewController.swift */ = {isa = PBXFileReference; lastKnownFileType = sourcecode.swift; path = ViewController.swift; sourceTree = "<group>"; };
		AA6177941EC2CC79001F5C29 /* Base */ = {isa = PBXFileReference; lastKnownFileType = file.storyboard; name = Base; path = Base.lproj/Main.storyboard; sourceTree = "<group>"; };
		AA6177961EC2CC79001F5C29 /* Assets.xcassets */ = {isa = PBXFileReference; lastKnownFileType = folder.assetcatalog; path = Assets.xcassets; sourceTree = "<group>"; };
		AA6177991EC2CC79001F5C29 /* Base */ = {isa = PBXFileReference; lastKnownFileType = file.storyboard; name = Base; path = Base.lproj/LaunchScreen.storyboard; sourceTree = "<group>"; };
		AA61779B1EC2CC79001F5C29 /* Info.plist */ = {isa = PBXFileReference; lastKnownFileType = text.plist.xml; path = Info.plist; sourceTree = "<group>"; };
		AA6177A51EC33A69001F5C29 /* FirstCustomTableViewController.swift */ = {isa = PBXFileReference; fileEncoding = 4; lastKnownFileType = sourcecode.swift; path = FirstCustomTableViewController.swift; sourceTree = "<group>"; };
		AA6177A71EC35214001F5C29 /* FirstTableViewCell.swift */ = {isa = PBXFileReference; fileEncoding = 4; lastKnownFileType = sourcecode.swift; path = FirstTableViewCell.swift; sourceTree = "<group>"; };
		AA6177AB1EC47650001F5C29 /* RestaurantDetailViewController.swift */ = {isa = PBXFileReference; fileEncoding = 4; lastKnownFileType = sourcecode.swift; path = RestaurantDetailViewController.swift; sourceTree = "<group>"; };
		AA6177AD1EC59ECB001F5C29 /* SecondCustomTableTableViewController.swift */ = {isa = PBXFileReference; fileEncoding = 4; lastKnownFileType = sourcecode.swift; path = SecondCustomTableTableViewController.swift; sourceTree = "<group>"; };
		AA6177AF1EC59EEA001F5C29 /* SecondTableViewCell.swift */ = {isa = PBXFileReference; fileEncoding = 4; lastKnownFileType = sourcecode.swift; path = SecondTableViewCell.swift; sourceTree = "<group>"; };
/* End PBXFileReference section */

/* Begin PBXFrameworksBuildPhase section */
		AA6177891EC2CC79001F5C29 /* Frameworks */ = {
			isa = PBXFrameworksBuildPhase;
			buildActionMask = 2147483647;
			files = (
			);
			runOnlyForDeploymentPostprocessing = 0;
		};
/* End PBXFrameworksBuildPhase section */

/* Begin PBXGroup section */
		AA6177831EC2CC79001F5C29 = {
			isa = PBXGroup;
			children = (
				AA61778E1EC2CC79001F5C29 /* SimpleTablePractice */,
				AA61778D1EC2CC79001F5C29 /* Products */,
			);
			sourceTree = "<group>";
		};
		AA61778D1EC2CC79001F5C29 /* Products */ = {
			isa = PBXGroup;
			children = (
				AA61778C1EC2CC79001F5C29 /* SimpleTablePractice.app */,
			);
			name = Products;
			sourceTree = "<group>";
		};
		AA61778E1EC2CC79001F5C29 /* SimpleTablePractice */ = {
			isa = PBXGroup;
			children = (
				AA61778F1EC2CC79001F5C29 /* AppDelegate.swift */,
				AA6177911EC2CC79001F5C29 /* ViewController.swift */,
				AA6177931EC2CC79001F5C29 /* Main.storyboard */,
				AA6177961EC2CC79001F5C29 /* Assets.xcassets */,
				AA6177981EC2CC79001F5C29 /* LaunchScreen.storyboard */,
				AA61779B1EC2CC79001F5C29 /* Info.plist */,
				AA6177A51EC33A69001F5C29 /* FirstCustomTableViewController.swift */,
				AA6177A71EC35214001F5C29 /* FirstTableViewCell.swift */,
				AA6177AB1EC47650001F5C29 /* RestaurantDetailViewController.swift */,
				AA6177AD1EC59ECB001F5C29 /* SecondCustomTableTableViewController.swift */,
				AA6177AF1EC59EEA001F5C29 /* SecondTableViewCell.swift */,
			);
			path = SimpleTablePractice;
			sourceTree = "<group>";
		};
/* End PBXGroup section */

/* Begin PBXNativeTarget section */
		AA61778B1EC2CC79001F5C29 /* SimpleTablePractice */ = {
			isa = PBXNativeTarget;
			buildConfigurationList = AA61779E1EC2CC79001F5C29 /* Build configuration list for PBXNativeTarget "SimpleTablePractice" */;
			buildPhases = (
				AA6177881EC2CC79001F5C29 /* Sources */,
				AA6177891EC2CC79001F5C29 /* Frameworks */,
				AA61778A1EC2CC79001F5C29 /* Resources */,
			);
			buildRules = (
			);
			dependencies = (
			);
			name = SimpleTablePractice;
			productName = SimpleTablePractice;
			productReference = AA61778C1EC2CC79001F5C29 /* SimpleTablePractice.app */;
			productType = "com.apple.product-type.application";
		};
/* End PBXNativeTarget section */

/* Begin PBXProject section */
		AA6177841EC2CC79001F5C29 /* Project object */ = {
			isa = PBXProject;
			attributes = {
				LastSwiftUpdateCheck = 0830;
				LastUpgradeCheck = 0830;
				ORGANIZATIONNAME = LeoKao;
				TargetAttributes = {
					AA61778B1EC2CC79001F5C29 = {
						CreatedOnToolsVersion = 8.3.2;
						DevelopmentTeam = DZPBG2KR3X;
						ProvisioningStyle = Automatic;
					};
				};
			};
			buildConfigurationList = AA6177871EC2CC79001F5C29 /* Build configuration list for PBXProject "SimpleTablePractice" */;
			compatibilityVersion = "Xcode 3.2";
			developmentRegion = English;
			hasScannedForEncodings = 0;
			knownRegions = (
				en,
				Base,
			);
			mainGroup = AA6177831EC2CC79001F5C29;
			productRefGroup = AA61778D1EC2CC79001F5C29 /* Products */;
			projectDirPath = "";
			projectRoot = "";
			targets = (
				AA61778B1EC2CC79001F5C29 /* SimpleTablePractice */,
			);
		};
/* End PBXProject section */

/* Begin PBXResourcesBuildPhase section */
		AA61778A1EC2CC79001F5C29 /* Resources */ = {
			isa = PBXResourcesBuildPhase;
			buildActionMask = 2147483647;
			files = (
				AA61779A1EC2CC79001F5C29 /* LaunchScreen.storyboard in Resources */,
				AA6177971EC2CC79001F5C29 /* Assets.xcassets in Resources */,
				AA6177951EC2CC79001F5C29 /* Main.storyboard in Resources */,
			);
			runOnlyForDeploymentPostprocessing = 0;
		};
/* End PBXResourcesBuildPhase section */

/* Begin PBXSourcesBuildPhase section */
		AA6177881EC2CC79001F5C29 /* Sources */ = {
			isa = PBXSourcesBuildPhase;
			buildActionMask = 2147483647;
			files = (
				AA6177921EC2CC79001F5C29 /* ViewController.swift in Sources */,
				AA6177AE1EC59ECB001F5C29 /* SecondCustomTableTableViewController.swift in Sources */,
				AA6177A61EC33A69001F5C29 /* FirstCustomTableViewController.swift in Sources */,
				AA6177AC1EC47650001F5C29 /* RestaurantDetailViewController.swift in Sources */,
				AA6177A81EC35214001F5C29 /* FirstTableViewCell.swift in Sources */,
				AA6177B01EC59EEA001F5C29 /* SecondTableViewCell.swift in Sources */,
				AA6177901EC2CC79001F5C29 /* AppDelegate.swift in Sources */,
			);
			runOnlyForDeploymentPostprocessing = 0;
		};
/* End PBXSourcesBuildPhase section */

/* Begin PBXVariantGroup section */
		AA6177931EC2CC79001F5C29 /* Main.storyboard */ = {
			isa = PBXVariantGroup;
			children = (
				AA6177941EC2CC79001F5C29 /* Base */,
			);
			name = Main.storyboard;
			sourceTree = "<group>";
		};
		AA6177981EC2CC79001F5C29 /* LaunchScreen.storyboard */ = {
			isa = PBXVariantGroup;
			children = (
				AA6177991EC2CC79001F5C29 /* Base */,
			);
			name = LaunchScreen.storyboard;
			sourceTree = "<group>";
		};
/* End PBXVariantGroup section */

/* Begin XCBuildConfiguration section */
		AA61779C1EC2CC79001F5C29 /* Debug */ = {
			isa = XCBuildConfiguration;
			buildSettings = {
				ALWAYS_SEARCH_USER_PATHS = NO;
				CLANG_ANALYZER_NONNULL = YES;
				CLANG_ANALYZER_NUMBER_OBJECT_CONVERSION = YES_AGGRESSIVE;
				CLANG_CXX_LANGUAGE_STANDARD = "gnu++0x";
				CLANG_CXX_LIBRARY = "libc++";
				CLANG_ENABLE_MODULES = YES;
				CLANG_ENABLE_OBJC_ARC = YES;
				CLANG_WARN_BOOL_CONVERSION = YES;
				CLANG_WARN_CONSTANT_CONVERSION = YES;
				CLANG_WARN_DIRECT_OBJC_ISA_USAGE = YES_ERROR;
				CLANG_WARN_DOCUMENTATION_COMMENTS = YES;
				CLANG_WARN_EMPTY_BODY = YES;
				CLANG_WARN_ENUM_CONVERSION = YES;
				CLANG_WARN_INFINITE_RECURSION = YES;
				CLANG_WARN_INT_CONVERSION = YES;
				CLANG_WARN_OBJC_ROOT_CLASS = YES_ERROR;
				CLANG_WARN_SUSPICIOUS_MOVE = YES;
				CLANG_WARN_UNREACHABLE_CODE = YES;
				CLANG_WARN__DUPLICATE_METHOD_MATCH = YES;
				"CODE_SIGN_IDENTITY[sdk=iphoneos*]" = "iPhone Developer";
				COPY_PHASE_STRIP = NO;
				DEBUG_INFORMATION_FORMAT = dwarf;
				ENABLE_STRICT_OBJC_MSGSEND = YES;
				ENABLE_TESTABILITY = YES;
				GCC_C_LANGUAGE_STANDARD = gnu99;
				GCC_DYNAMIC_NO_PIC = NO;
				GCC_NO_COMMON_BLOCKS = YES;
				GCC_OPTIMIZATION_LEVEL = 0;
				GCC_PREPROCESSOR_DEFINITIONS = (
					"DEBUG=1",
					"$(inherited)",
				);
				GCC_WARN_64_TO_32_BIT_CONVERSION = YES;
				GCC_WARN_ABOUT_RETURN_TYPE = YES_ERROR;
				GCC_WARN_UNDECLARED_SELECTOR = YES;
				GCC_WARN_UNINITIALIZED_AUTOS = YES_AGGRESSIVE;
				GCC_WARN_UNUSED_FUNCTION = YES;
				GCC_WARN_UNUSED_VARIABLE = YES;
				IPHONEOS_DEPLOYMENT_TARGET = 10.3;
				MTL_ENABLE_DEBUG_INFO = YES;
				ONLY_ACTIVE_ARCH = YES;
				SDKROOT = iphoneos;
				SWIFT_ACTIVE_COMPILATION_CONDITIONS = DEBUG;
				SWIFT_OPTIMIZATION_LEVEL = "-Onone";
				TARGETED_DEVICE_FAMILY = "1,2";
			};
			name = Debug;
		};
		AA61779D1EC2CC79001F5C29 /* Release */ = {
			isa = XCBuildConfiguration;
			buildSettings = {
				ALWAYS_SEARCH_USER_PATHS = NO;
				CLANG_ANALYZER_NONNULL = YES;
				CLANG_ANALYZER_NUMBER_OBJECT_CONVERSION = YES_AGGRESSIVE;
				CLANG_CXX_LANGUAGE_STANDARD = "gnu++0x";
				CLANG_CXX_LIBRARY = "libc++";
				CLANG_ENABLE_MODULES = YES;
				CLANG_ENABLE_OBJC_ARC = YES;
				CLANG_WARN_BOOL_CONVERSION = YES;
				CLANG_WARN_CONSTANT_CONVERSION = YES;
				CLANG_WARN_DIRECT_OBJC_ISA_USAGE = YES_ERROR;
				CLANG_WARN_DOCUMENTATION_COMMENTS = YES;
				CLANG_WARN_EMPTY_BODY = YES;
				CLANG_WARN_ENUM_CONVERSION = YES;
				CLANG_WARN_INFINITE_RECURSION = YES;
				CLANG_WARN_INT_CONVERSION = YES;
				CLANG_WARN_OBJC_ROOT_CLASS = YES_ERROR;
				CLANG_WARN_SUSPICIOUS_MOVE = YES;
				CLANG_WARN_UNREACHABLE_CODE = YES;
				CLANG_WARN__DUPLICATE_METHOD_MATCH = YES;
				"CODE_SIGN_IDENTITY[sdk=iphoneos*]" = "iPhone Developer";
				COPY_PHASE_STRIP = NO;
				DEBUG_INFORMATION_FORMAT = "dwarf-with-dsym";
				ENABLE_NS_ASSERTIONS = NO;
				ENABLE_STRICT_OBJC_MSGSEND = YES;
				GCC_C_LANGUAGE_STANDARD = gnu99;
				GCC_NO_COMMON_BLOCKS = YES;
				GCC_WARN_64_TO_32_BIT_CONVERSION = YES;
				GCC_WARN_ABOUT_RETURN_TYPE = YES_ERROR;
				GCC_WARN_UNDECLARED_SELECTOR = YES;
				GCC_WARN_UNINITIALIZED_AUTOS = YES_AGGRESSIVE;
				GCC_WARN_UNUSED_FUNCTION = YES;
				GCC_WARN_UNUSED_VARIABLE = YES;
				IPHONEOS_DEPLOYMENT_TARGET = 10.3;
				MTL_ENABLE_DEBUG_INFO = NO;
				SDKROOT = iphoneos;
				SWIFT_OPTIMIZATION_LEVEL = "-Owholemodule";
				TARGETED_DEVICE_FAMILY = "1,2";
				VALIDATE_PRODUCT = YES;
			};
			name = Release;
		};
		AA61779F1EC2CC79001F5C29 /* Debug */ = {
			isa = XCBuildConfiguration;
			buildSettings = {
				ASSETCATALOG_COMPILER_APPICON_NAME = AppIcon;
				DEVELOPMENT_TEAM = DZPBG2KR3X;
				INFOPLIST_FILE = SimpleTablePractice/Info.plist;
				LD_RUNPATH_SEARCH_PATHS = "$(inherited) @executable_path/Frameworks";
				PRODUCT_BUNDLE_IDENTIFIER = com.leokao.SimpleTablePractice;
				PRODUCT_NAME = "$(TARGET_NAME)";
				SWIFT_VERSION = 3.0;
			};
			name = Debug;
		};
		AA6177A01EC2CC79001F5C29 /* Release */ = {
			isa = XCBuildConfiguration;
			buildSettings = {
				ASSETCATALOG_COMPILER_APPICON_NAME = AppIcon;
				DEVELOPMENT_TEAM = DZPBG2KR3X;
				INFOPLIST_FILE = SimpleTablePractice/Info.plist;
				LD_RUNPATH_SEARCH_PATHS = "$(inherited) @executable_path/Frameworks";
				PRODUCT_BUNDLE_IDENTIFIER = com.leokao.SimpleTablePractice;
				PRODUCT_NAME = "$(TARGET_NAME)";
				SWIFT_VERSION = 3.0;
			};
			name = Release;
		};
/* End XCBuildConfiguration section */

/* Begin XCConfigurationList section */
		AA6177871EC2CC79001F5C29 /* Build configuration list for PBXProject "SimpleTablePractice" */ = {
			isa = XCConfigurationList;
			buildConfigurations = (
				AA61779C1EC2CC79001F5C29 /* Debug */,
				AA61779D1EC2CC79001F5C29 /* Release */,
			);
			defaultConfigurationIsVisible = 0;
			defaultConfigurationName = Release;
		};
		AA61779E1EC2CC79001F5C29 /* Build configuration list for PBXNativeTarget "SimpleTablePractice" */ = {
			isa = XCConfigurationList;
			buildConfigurations = (
				AA61779F1EC2CC79001F5C29 /* Debug */,
				AA6177A01EC2CC79001F5C29 /* Release */,
			);
			defaultConfigurationIsVisible = 0;
			defaultConfigurationName = Release;
		};
/* End XCConfigurationList section */
	};
	rootObject = AA6177841EC2CC79001F5C29 /* Project object */;
}
